
Microsoft Visual Studio Solution File, Format Version 12.00
# Visual Studio Version 17
VisualStudioVersion = 17.1.32210.238
MinimumVisualStudioVersion = 10.0.40219.1
Project("{2150E333-8FDC-42A3-9474-1A3956D46DE8}") = "Enterprise Business Rules", "Enterprise Business Rules", "{EDCE3790-8D2D-48A3-B277-029047B67F25}"
EndProject
Project("{2150E333-8FDC-42A3-9474-1A3956D46DE8}") = "Application Busines Rules", "Application Busines Rules", "{DFE62EA3-EDA8-4D8D-90FD-74332A50B4A7}"
EndProject
Project("{2150E333-8FDC-42A3-9474-1A3956D46DE8}") = "Interface Adapters", "Interface Adapters", "{D13AE1CF-F114-4848-B714-9BB4DB61FAC0}"
EndProject
Project("{2150E333-8FDC-42A3-9474-1A3956D46DE8}") = "Frameworks And Drivers", "Frameworks And Drivers", "{805187D9-8F22-42EA-A9F1-C3C04D7B7C2A}"
EndProject
Project("{9A19103F-16F7-4668-BE54-9A1E7A4F7556}") = "NorthWind.Entities", "NorthWind.Entities\NorthWind.Entities.csproj", "{3CB32335-C0A8-4063-A496-A58D3CEC3D5E}"
EndProject
Project("{9A19103F-16F7-4668-BE54-9A1E7A4F7556}") = "NorthWind.Sales.BusinessObjects", "NorthWind.Sales.BusinessObjects\NorthWind.Sales.BusinessObjects.csproj", "{4D80F421-8CD5-488E-884E-A5A1B846E291}"
EndProject
Project("{9A19103F-16F7-4668-BE54-9A1E7A4F7556}") = "NorthWind.Sales.UseCases", "NorthWind.Sales.UseCases\NorthWind.Sales.UseCases.csproj", "{72DD5459-FB54-4220-B7AC-9C4BA160584D}"
EndProject
Project("{2150E333-8FDC-42A3-9474-1A3956D46DE8}") = "Gateways", "Gateways", "{AE1B249C-8C4D-48B8-94F4-A6B29803DFD9}"
EndProject
Project("{2150E333-8FDC-42A3-9474-1A3956D46DE8}") = "Repositories", "Repositories", "{B6DC42ED-98CE-4800-B4FC-74890B8EBA7F}"
EndProject
Project("{9A19103F-16F7-4668-BE54-9A1E7A4F7556}") = "NorthWindEFCore.Repositories", "NorthWindEFCore.Repositories\NorthWindEFCore.Repositories.csproj", "{E77A914B-2931-480D-91D5-AB14DF9087EE}"
EndProject
Project("{2150E333-8FDC-42A3-9474-1A3956D46DE8}") = "Presenters", "Presenters", "{F75E4550-719C-411D-873F-A797FC1CA254}"
EndProject
Project("{FAE04EC0-301F-11D3-BF4B-00C04F79EFBC}") = "NorthWind.Sales.Presenters", "NorthWind.Sales.Presenters\NorthWind.Sales.Presenters.csproj", "{41109C04-A109-4FA5-AB60-05267186F222}"
EndProject
Project("{2150E333-8FDC-42A3-9474-1A3956D46DE8}") = "Controllers", "Controllers", "{3D707F85-C8FF-4D23-ABF6-368619D1CEB2}"
EndProject
Project("{FAE04EC0-301F-11D3-BF4B-00C04F79EFBC}") = "NorthWind.Sales.Controllers", "NorthWind.Sales.Controllers\NorthWind.Sales.Controllers.csproj", "{38B3BDF5-AFFC-432E-88ED-8F0457B6B94C}"
EndProject
Project("{FAE04EC0-301F-11D3-BF4B-00C04F79EFBC}") = "NorthWind.Sales.IoC", "NorthWind.Sales.IoC\NorthWind.Sales.IoC.csproj", "{F7472CA3-1A3F-4A04-BC1B-7BDCDD42CEA2}"
EndProject
Project("{2150E333-8FDC-42A3-9474-1A3956D46DE8}") = "UIs", "UIs", "{467440EA-0368-465F-BDA0-2BBDA42A0B22}"
EndProject
Project("{FAE04EC0-301F-11D3-BF4B-00C04F79EFBC}") = "NorthWind.Sales.WebApi", "NorthWind.Sales.WebApi\NorthWind.Sales.WebApi.csproj", "{7F1B6943-06E6-4BD7-A61D-6B03B1C8597F}"
EndProject
Global
	GlobalSection(SolutionConfigurationPlatforms) = preSolution
		Debug|Any CPU = Debug|Any CPU
		Release|Any CPU = Release|Any CPU
	EndGlobalSection
	GlobalSection(ProjectConfigurationPlatforms) = postSolution
		{3CB32335-C0A8-4063-A496-A58D3CEC3D5E}.Debug|Any CPU.ActiveCfg = Debug|Any CPU
		{3CB32335-C0A8-4063-A496-A58D3CEC3D5E}.Debug|Any CPU.Build.0 = Debug|Any CPU
		{3CB32335-C0A8-4063-A496-A58D3CEC3D5E}.Release|Any CPU.ActiveCfg = Release|Any CPU
		{3CB32335-C0A8-4063-A496-A58D3CEC3D5E}.Release|Any CPU.Build.0 = Release|Any CPU
		{4D80F421-8CD5-488E-884E-A5A1B846E291}.Debug|Any CPU.ActiveCfg = Debug|Any CPU
		{4D80F421-8CD5-488E-884E-A5A1B846E291}.Debug|Any CPU.Build.0 = Debug|Any CPU
		{4D80F421-8CD5-488E-884E-A5A1B846E291}.Release|Any CPU.ActiveCfg = Release|Any CPU
		{4D80F421-8CD5-488E-884E-A5A1B846E291}.Release|Any CPU.Build.0 = Release|Any CPU
		{72DD5459-FB54-4220-B7AC-9C4BA160584D}.Debug|Any CPU.ActiveCfg = Debug|Any CPU
		{72DD5459-FB54-4220-B7AC-9C4BA160584D}.Debug|Any CPU.Build.0 = Debug|Any CPU
		{72DD5459-FB54-4220-B7AC-9C4BA160584D}.Release|Any CPU.ActiveCfg = Release|Any CPU
		{72DD5459-FB54-4220-B7AC-9C4BA160584D}.Release|Any CPU.Build.0 = Release|Any CPU
		{E77A914B-2931-480D-91D5-AB14DF9087EE}.Debug|Any CPU.ActiveCfg = Debug|Any CPU
		{E77A914B-2931-480D-91D5-AB14DF9087EE}.Debug|Any CPU.Build.0 = Debug|Any CPU
		{E77A914B-2931-480D-91D5-AB14DF9087EE}.Release|Any CPU.ActiveCfg = Release|Any CPU
		{E77A914B-2931-480D-91D5-AB14DF9087EE}.Release|Any CPU.Build.0 = Release|Any CPU
		{41109C04-A109-4FA5-AB60-05267186F222}.Debug|Any CPU.ActiveCfg = Debug|Any CPU
		{41109C04-A109-4FA5-AB60-05267186F222}.Debug|Any CPU.Build.0 = Debug|Any CPU
		{41109C04-A109-4FA5-AB60-05267186F222}.Release|Any CPU.ActiveCfg = Release|Any CPU
		{41109C04-A109-4FA5-AB60-05267186F222}.Release|Any CPU.Build.0 = Release|Any CPU
		{38B3BDF5-AFFC-432E-88ED-8F0457B6B94C}.Debug|Any CPU.ActiveCfg = Debug|Any CPU
		{38B3BDF5-AFFC-432E-88ED-8F0457B6B94C}.Debug|Any CPU.Build.0 = Debug|Any CPU
		{38B3BDF5-AFFC-432E-88ED-8F0457B6B94C}.Release|Any CPU.ActiveCfg = Release|Any CPU
		{38B3BDF5-AFFC-432E-88ED-8F0457B6B94C}.Release|Any CPU.Build.0 = Release|Any CPU
		{F7472CA3-1A3F-4A04-BC1B-7BDCDD42CEA2}.Debug|Any CPU.ActiveCfg = Debug|Any CPU
		{F7472CA3-1A3F-4A04-BC1B-7BDCDD42CEA2}.Debug|Any CPU.Build.0 = Debug|Any CPU
		{F7472CA3-1A3F-4A04-BC1B-7BDCDD42CEA2}.Release|Any CPU.ActiveCfg = Release|Any CPU
		{F7472CA3-1A3F-4A04-BC1B-7BDCDD42CEA2}.Release|Any CPU.Build.0 = Release|Any CPU
		{7F1B6943-06E6-4BD7-A61D-6B03B1C8597F}.Debug|Any CPU.ActiveCfg = Debug|Any CPU
		{7F1B6943-06E6-4BD7-A61D-6B03B1C8597F}.Debug|Any CPU.Build.0 = Debug|Any CPU
		{7F1B6943-06E6-4BD7-A61D-6B03B1C8597F}.Release|Any CPU.ActiveCfg = Release|Any CPU
		{7F1B6943-06E6-4BD7-A61D-6B03B1C8597F}.Release|Any CPU.Build.0 = Release|Any CPU
	EndGlobalSection
	GlobalSection(SolutionProperties) = preSolution
		HideSolutionNode = FALSE
	EndGlobalSection
	GlobalSection(NestedProjects) = preSolution
		{3CB32335-C0A8-4063-A496-A58D3CEC3D5E} = {EDCE3790-8D2D-48A3-B277-029047B67F25}
		{4D80F421-8CD5-488E-884E-A5A1B846E291} = {DFE62EA3-EDA8-4D8D-90FD-74332A50B4A7}
		{72DD5459-FB54-4220-B7AC-9C4BA160584D} = {DFE62EA3-EDA8-4D8D-90FD-74332A50B4A7}
		{AE1B249C-8C4D-48B8-94F4-A6B29803DFD9} = {D13AE1CF-F114-4848-B714-9BB4DB61FAC0}
		{B6DC42ED-98CE-4800-B4FC-74890B8EBA7F} = {AE1B249C-8C4D-48B8-94F4-A6B29803DFD9}
		{E77A914B-2931-480D-91D5-AB14DF9087EE} = {B6DC42ED-98CE-4800-B4FC-74890B8EBA7F}
		{F75E4550-719C-411D-873F-A797FC1CA254} = {D13AE1CF-F114-4848-B714-9BB4DB61FAC0}
		{41109C04-A109-4FA5-AB60-05267186F222} = {F75E4550-719C-411D-873F-A797FC1CA254}
		{3D707F85-C8FF-4D23-ABF6-368619D1CEB2} = {D13AE1CF-F114-4848-B714-9BB4DB61FAC0}
		{38B3BDF5-AFFC-432E-88ED-8F0457B6B94C} = {3D707F85-C8FF-4D23-ABF6-368619D1CEB2}
		{F7472CA3-1A3F-4A04-BC1B-7BDCDD42CEA2} = {D13AE1CF-F114-4848-B714-9BB4DB61FAC0}
		{467440EA-0368-465F-BDA0-2BBDA42A0B22} = {805187D9-8F22-42EA-A9F1-C3C04D7B7C2A}
		{7F1B6943-06E6-4BD7-A61D-6B03B1C8597F} = {467440EA-0368-465F-BDA0-2BBDA42A0B22}
	EndGlobalSection
	GlobalSection(ExtensibilityGlobals) = postSolution
		SolutionGuid = {60CCD4FC-AAE6-4A89-A863-A93C517CCC9F}
	EndGlobalSection
EndGlobal
